# THIS IS AN AUTOGENERATED FILE. DO NOT EDIT THIS FILE DIRECTLY.
# yarn lockfile v1


"axios@^0.24.0":
  "integrity" "sha512-Q6cWsys88HoPgAaFAVUb0WpPk0O8iTeisR9IMqy9G8AbO4NlpVknrnQS03zzF9PGAWgO3cgletO3VjV/P7VztA=="
  "resolved" "https://registry.npmjs.org/axios/-/axios-0.24.0.tgz"
  "version" "0.24.0"
  dependencies:
    "follow-redirects" "^1.14.4"

"date-fns@^2.27.0":
  "integrity" "sha512-sj+J0Mo2p2X1e306MHq282WS4/A8Pz/95GIFcsPNMPMZVI3EUrAdSv90al1k+p74WGLCruMXk23bfEDZa71X9Q=="
  "resolved" "https://registry.npmjs.org/date-fns/-/date-fns-2.27.0.tgz"
  "version" "2.27.0"

"follow-redirects@^1.14.4":
  "integrity" "sha512-fhUl5EwSJbbl8AR+uYL2KQDxLkdSjZGR36xy46AO7cOMTrCMON6Sa28FmAnC2tRTDbd/Uuzz3aJBv7EBN7JH8A=="
  "resolved" "https://registry.npmjs.org/follow-redirects/-/follow-redirects-1.14.6.tgz"
  "version" "1.14.6"

"react-icons@^4.3.1":
  "integrity" "sha512-cB10MXLTs3gVuXimblAdI71jrJx8njrJZmNMEMC+sQu5B/BIOmlsAjskdqpn81y8UBVEGuHODd7/ci5DvoSzTQ=="
  "resolved" "https://registry.npmjs.org/react-icons/-/react-icons-4.3.1.tgz"
  "version" "4.3.1"
